
Microsoft Visual Studio Solution File, Format Version 11.00
# Visual Studio 2010
Project("{FAE04EC0-301F-11D3-BF4B-00C04F79EFBC}") = "Thumbler", "Thumbler\Thumbler.csproj", "{F57A5850-5ACC-4B80-B15D-8761DA237174}"
EndProject
Project("{54435603-DBB4-11D2-8724-00A0C9A8B90C}") = "Thumbler.Setup", "Thumbler.Setup\Thumbler.Setup.vdproj", "{0A2D8272-997B-49F2-B7C9-8B96741014EC}"
EndProject
Global
	GlobalSection(SolutionConfigurationPlatforms) = preSolution
		Debug|Any CPU = Debug|Any CPU
		Release|Any CPU = Release|Any CPU
	EndGlobalSection
	GlobalSection(ProjectConfigurationPlatforms) = postSolution
		{F57A5850-5ACC-4B80-B15D-8761DA237174}.Debug|Any CPU.ActiveCfg = Debug|Any CPU
		{F57A5850-5ACC-4B80-B15D-8761DA237174}.Debug|Any CPU.Build.0 = Debug|Any CPU
		{F57A5850-5ACC-4B80-B15D-8761DA237174}.Release|Any CPU.ActiveCfg = Release|Any CPU
		{F57A5850-5ACC-4B80-B15D-8761DA237174}.Release|Any CPU.Build.0 = Release|Any CPU
		{0A2D8272-997B-49F2-B7C9-8B96741014EC}.Debug|Any CPU.ActiveCfg = Debug
		{0A2D8272-997B-49F2-B7C9-8B96741014EC}.Release|Any CPU.ActiveCfg = Release
	EndGlobalSection
	GlobalSection(SolutionProperties) = preSolution
		HideSolutionNode = FALSE
	EndGlobalSection
EndGlobal
